
Microsoft Visual Studio Solution File, Format Version 12.00
# Visual Studio 15
VisualStudioVersion = 15.0.28307.1622
MinimumVisualStudioVersion = 10.0.40219.1
Project("{FAE04EC0-301F-11D3-BF4B-00C04F79EFBC}") = "XCFrameworkBase", "XCFrameworkBase\XCFrameworkBase.csproj", "{B7F835E1-2034-4CFB-8380-BBD63DF3741A}"
EndProject
Global
	GlobalSection(SolutionConfigurationPlatforms) = preSolution
		Debug|Any CPU = Debug|Any CPU
		Release|Any CPU = Release|Any CPU
	EndGlobalSection
	GlobalSection(ProjectConfigurationPlatforms) = postSolution
		{B7F835E1-2034-4CFB-8380-BBD63DF3741A}.Debug|Any CPU.ActiveCfg = Debug|Any CPU
		{B7F835E1-2034-4CFB-8380-BBD63DF3741A}.Debug|Any CPU.Build.0 = Debug|Any CPU
		{B7F835E1-2034-4CFB-8380-BBD63DF3741A}.Release|Any CPU.ActiveCfg = Release|Any CPU
		{B7F835E1-2034-4CFB-8380-BBD63DF3741A}.Release|Any CPU.Build.0 = Release|Any CPU
	EndGlobalSection
	GlobalSection(SolutionProperties) = preSolution
		HideSolutionNode = FALSE
	EndGlobalSection
	GlobalSection(ExtensibilityGlobals) = postSolution
		SolutionGuid = {D0CDE95A-D1A2-45B6-A628-9F078415609C}
	EndGlobalSection
EndGlobal
